// !$*UTF8*$!
{
	archiveVersion = 1;
	classes = {
	};
	objectVersion = 50;
	objects = {

/* Begin PBXBuildFile section */
		6409C0B826B3FBEA002AEEBA /* ImageCellViewModel.swift in Sources */ = {isa = PBXBuildFile; fileRef = 6409C0B726B3FBEA002AEEBA /* ImageCellViewModel.swift */; };
		647591B626AECD8000890463 /* Extension+Array.swift in Sources */ = {isa = PBXBuildFile; fileRef = 647591B526AECD8000890463 /* Extension+Array.swift */; };
		647591BA26AFEAC700890463 /* ListImageRepository.swift in Sources */ = {isa = PBXBuildFile; fileRef = 647591B926AFEAC700890463 /* ListImageRepository.swift */; };
		648104F426A81BA600C1AC2E /* MultipleCube.storyboard in Resources */ = {isa = PBXBuildFile; fileRef = 648104F326A81BA600C1AC2E /* MultipleCube.storyboard */; };
		648104F626A81BB500C1AC2E /* MultipleCubeViewController.swift in Sources */ = {isa = PBXBuildFile; fileRef = 648104F526A81BB500C1AC2E /* MultipleCubeViewController.swift */; };
		648104FA26A81CA600C1AC2E /* ImageCollectionViewCell.swift in Sources */ = {isa = PBXBuildFile; fileRef = 648104F826A81CA600C1AC2E /* ImageCollectionViewCell.swift */; };
		648104FB26A81CA600C1AC2E /* ImageCollectionViewCell.xib in Resources */ = {isa = PBXBuildFile; fileRef = 648104F926A81CA600C1AC2E /* ImageCollectionViewCell.xib */; };
		648104FE26A8228300C1AC2E /* CubeTransition.swift in Sources */ = {isa = PBXBuildFile; fileRef = 648104FD26A8228300C1AC2E /* CubeTransition.swift */; };
		6481050126A822D600C1AC2E /* Extension+UIImageView.swift in Sources */ = {isa = PBXBuildFile; fileRef = 6481050026A822D600C1AC2E /* Extension+UIImageView.swift */; };
		6481050326A8233100C1AC2E /* Transition.swift in Sources */ = {isa = PBXBuildFile; fileRef = 6481050226A8233100C1AC2E /* Transition.swift */; };
		6481050926A9761200C1AC2E /* PopUpViewController.swift in Sources */ = {isa = PBXBuildFile; fileRef = 6481050826A9761200C1AC2E /* PopUpViewController.swift */; };
		6481050B26A9764300C1AC2E /* PopUp.storyboard in Resources */ = {isa = PBXBuildFile; fileRef = 6481050A26A9764300C1AC2E /* PopUp.storyboard */; };
		6481050E26A9882100C1AC2E /* MultipleCubeViewModel.swift in Sources */ = {isa = PBXBuildFile; fileRef = 6481050D26A9882100C1AC2E /* MultipleCubeViewModel.swift */; };
		6481051026A9889800C1AC2E /* PopUpViewModel.swift in Sources */ = {isa = PBXBuildFile; fileRef = 6481050F26A9889800C1AC2E /* PopUpViewModel.swift */; };
		64D7E0B1269C50F3003D151E /* AppDelegate.swift in Sources */ = {isa = PBXBuildFile; fileRef = 64D7E0B0269C50F3003D151E /* AppDelegate.swift */; };
		64D7E0B3269C50F3003D151E /* SceneDelegate.swift in Sources */ = {isa = PBXBuildFile; fileRef = 64D7E0B2269C50F3003D151E /* SceneDelegate.swift */; };
		64D7E0B8269C50F3003D151E /* Main.storyboard in Resources */ = {isa = PBXBuildFile; fileRef = 64D7E0B6269C50F3003D151E /* Main.storyboard */; };
		64D7E0BA269C50F7003D151E /* Assets.xcassets in Resources */ = {isa = PBXBuildFile; fileRef = 64D7E0B9269C50F7003D151E /* Assets.xcassets */; };
		64D7E0BD269C50F7003D151E /* LaunchScreen.storyboard in Resources */ = {isa = PBXBuildFile; fileRef = 64D7E0BB269C50F7003D151E /* LaunchScreen.storyboard */; };
/* End PBXBuildFile section */

/* Begin PBXFileReference section */
		6409C0B726B3FBEA002AEEBA /* ImageCellViewModel.swift */ = {isa = PBXFileReference; lastKnownFileType = sourcecode.swift; path = ImageCellViewModel.swift; sourceTree = "<group>"; };
		647591B526AECD8000890463 /* Extension+Array.swift */ = {isa = PBXFileReference; lastKnownFileType = sourcecode.swift; name = "Extension+Array.swift"; path = "ImageScreensApp/Common/Extensions/Extension+Array.swift"; sourceTree = SOURCE_ROOT; };
		647591B926AFEAC700890463 /* ListImageRepository.swift */ = {isa = PBXFileReference; lastKnownFileType = sourcecode.swift; path = ListImageRepository.swift; sourceTree = "<group>"; };
		648104F326A81BA600C1AC2E /* MultipleCube.storyboard */ = {isa = PBXFileReference; lastKnownFileType = file.storyboard; path = MultipleCube.storyboard; sourceTree = "<group>"; };
		648104F526A81BB500C1AC2E /* MultipleCubeViewController.swift */ = {isa = PBXFileReference; lastKnownFileType = sourcecode.swift; path = MultipleCubeViewController.swift; sourceTree = "<group>"; };
		648104F826A81CA600C1AC2E /* ImageCollectionViewCell.swift */ = {isa = PBXFileReference; lastKnownFileType = sourcecode.swift; path = ImageCollectionViewCell.swift; sourceTree = "<group>"; };
		648104F926A81CA600C1AC2E /* ImageCollectionViewCell.xib */ = {isa = PBXFileReference; lastKnownFileType = file.xib; path = ImageCollectionViewCell.xib; sourceTree = "<group>"; };
		648104FD26A8228300C1AC2E /* CubeTransition.swift */ = {isa = PBXFileReference; lastKnownFileType = sourcecode.swift; path = CubeTransition.swift; sourceTree = "<group>"; };
		6481050026A822D600C1AC2E /* Extension+UIImageView.swift */ = {isa = PBXFileReference; lastKnownFileType = sourcecode.swift; path = "Extension+UIImageView.swift"; sourceTree = "<group>"; };
		6481050226A8233100C1AC2E /* Transition.swift */ = {isa = PBXFileReference; lastKnownFileType = sourcecode.swift; path = Transition.swift; sourceTree = "<group>"; };
		6481050826A9761200C1AC2E /* PopUpViewController.swift */ = {isa = PBXFileReference; lastKnownFileType = sourcecode.swift; path = PopUpViewController.swift; sourceTree = "<group>"; };
		6481050A26A9764300C1AC2E /* PopUp.storyboard */ = {isa = PBXFileReference; lastKnownFileType = file.storyboard; path = PopUp.storyboard; sourceTree = "<group>"; };
		6481050D26A9882100C1AC2E /* MultipleCubeViewModel.swift */ = {isa = PBXFileReference; lastKnownFileType = sourcecode.swift; path = MultipleCubeViewModel.swift; sourceTree = "<group>"; };
		6481050F26A9889800C1AC2E /* PopUpViewModel.swift */ = {isa = PBXFileReference; lastKnownFileType = sourcecode.swift; path = PopUpViewModel.swift; sourceTree = "<group>"; };
		64D7E0AD269C50F3003D151E /* ImageScreensApp.app */ = {isa = PBXFileReference; explicitFileType = wrapper.application; includeInIndex = 0; path = ImageScreensApp.app; sourceTree = BUILT_PRODUCTS_DIR; };
		64D7E0B0269C50F3003D151E /* AppDelegate.swift */ = {isa = PBXFileReference; lastKnownFileType = sourcecode.swift; path = AppDelegate.swift; sourceTree = "<group>"; };
		64D7E0B2269C50F3003D151E /* SceneDelegate.swift */ = {isa = PBXFileReference; lastKnownFileType = sourcecode.swift; path = SceneDelegate.swift; sourceTree = "<group>"; };
		64D7E0B7269C50F3003D151E /* Base */ = {isa = PBXFileReference; lastKnownFileType = file.storyboard; name = Base; path = Base.lproj/Main.storyboard; sourceTree = "<group>"; };
		64D7E0B9269C50F7003D151E /* Assets.xcassets */ = {isa = PBXFileReference; lastKnownFileType = folder.assetcatalog; path = Assets.xcassets; sourceTree = "<group>"; };
		64D7E0BC269C50F7003D151E /* Base */ = {isa = PBXFileReference; lastKnownFileType = file.storyboard; name = Base; path = Base.lproj/LaunchScreen.storyboard; sourceTree = "<group>"; };
		64D7E0BE269C50F7003D151E /* Info.plist */ = {isa = PBXFileReference; lastKnownFileType = text.plist.xml; path = Info.plist; sourceTree = "<group>"; };
/* End PBXFileReference section */

/* Begin PBXFrameworksBuildPhase section */
		64D7E0AA269C50F3003D151E /* Frameworks */ = {
			isa = PBXFrameworksBuildPhase;
			buildActionMask = 2147483647;
			files = (
			);
			runOnlyForDeploymentPostprocessing = 0;
		};
/* End PBXFrameworksBuildPhase section */

/* Begin PBXGroup section */
		6409C0B326B2C77A002AEEBA /* Data */ = {
			isa = PBXGroup;
			children = (
				647591B926AFEAC700890463 /* ListImageRepository.swift */,
			);
			path = Data;
			sourceTree = "<group>";
		};
		6409C0B426B2EA0E002AEEBA /* Modules */ = {
			isa = PBXGroup;
			children = (
				64D7E0B6269C50F3003D151E /* Main.storyboard */,
				648104F726A81BBB00C1AC2E /* MultipleCubeScreen */,
				6481050C26A97FD400C1AC2E /* PopUpScreen */,
			);
			path = Modules;
			sourceTree = "<group>";
		};
		647591B726AECE5800890463 /* Extensions */ = {
			isa = PBXGroup;
			children = (
				6481050026A822D600C1AC2E /* Extension+UIImageView.swift */,
				647591B526AECD8000890463 /* Extension+Array.swift */,
			);
			path = Extensions;
			sourceTree = "<group>";
		};
		647591B826AFEA7700890463 /* Common */ = {
			isa = PBXGroup;
			children = (
				648104FF26A822BD00C1AC2E /* STCubeTransition */,
				647591B726AECE5800890463 /* Extensions */,
				6409C0B326B2C77A002AEEBA /* Data */,
			);
			path = Common;
			sourceTree = "<group>";
		};
		648104F726A81BBB00C1AC2E /* MultipleCubeScreen */ = {
			isa = PBXGroup;
			children = (
				648104F526A81BB500C1AC2E /* MultipleCubeViewController.swift */,
				6481050D26A9882100C1AC2E /* MultipleCubeViewModel.swift */,
				648104F326A81BA600C1AC2E /* MultipleCube.storyboard */,
				648104FC26A81CB600C1AC2E /* Cells */,
			);
			path = MultipleCubeScreen;
			sourceTree = "<group>";
		};
		648104FC26A81CB600C1AC2E /* Cells */ = {
			isa = PBXGroup;
			children = (
				648104F826A81CA600C1AC2E /* ImageCollectionViewCell.swift */,
				6409C0B726B3FBEA002AEEBA /* ImageCellViewModel.swift */,
				648104F926A81CA600C1AC2E /* ImageCollectionViewCell.xib */,
			);
			path = Cells;
			sourceTree = "<group>";
		};
		648104FF26A822BD00C1AC2E /* STCubeTransition */ = {
			isa = PBXGroup;
			children = (
				648104FD26A8228300C1AC2E /* CubeTransition.swift */,
				6481050226A8233100C1AC2E /* Transition.swift */,
			);
			path = STCubeTransition;
			sourceTree = "<group>";
		};
		6481050C26A97FD400C1AC2E /* PopUpScreen */ = {
			isa = PBXGroup;
			children = (
				6481050826A9761200C1AC2E /* PopUpViewController.swift */,
				6481050F26A9889800C1AC2E /* PopUpViewModel.swift */,
				6481050A26A9764300C1AC2E /* PopUp.storyboard */,
			);
			path = PopUpScreen;
			sourceTree = "<group>";
		};
		64D7E0A4269C50F3003D151E = {
			isa = PBXGroup;
			children = (
				64D7E0AF269C50F3003D151E /* ImageScreensApp */,
				64D7E0C4269C5104003D151E /* SupportingFiles */,
				64D7E0AE269C50F3003D151E /* Products */,
			);
			sourceTree = "<group>";
		};
		64D7E0AE269C50F3003D151E /* Products */ = {
			isa = PBXGroup;
			children = (
				64D7E0AD269C50F3003D151E /* ImageScreensApp.app */,
			);
			name = Products;
			sourceTree = "<group>";
		};
		64D7E0AF269C50F3003D151E /* ImageScreensApp */ = {
			isa = PBXGroup;
			children = (
				64D7E0BE269C50F7003D151E /* Info.plist */,
				6409C0B426B2EA0E002AEEBA /* Modules */,
				647591B826AFEA7700890463 /* Common */,
			);
			path = ImageScreensApp;
			sourceTree = "<group>";
		};
		64D7E0C4269C5104003D151E /* SupportingFiles */ = {
			isa = PBXGroup;
			children = (
				64D7E0B0269C50F3003D151E /* AppDelegate.swift */,
				64D7E0B2269C50F3003D151E /* SceneDelegate.swift */,
				64D7E0B9269C50F7003D151E /* Assets.xcassets */,
				64D7E0BB269C50F7003D151E /* LaunchScreen.storyboard */,
			);
			path = SupportingFiles;
			sourceTree = "<group>";
		};
/* End PBXGroup section */

/* Begin PBXNativeTarget section */
		64D7E0AC269C50F3003D151E /* ImageScreensApp */ = {
			isa = PBXNativeTarget;
			buildConfigurationList = 64D7E0C1269C50F7003D151E /* Build configuration list for PBXNativeTarget "ImageScreensApp" */;
			buildPhases = (
				64D7E0A9269C50F3003D151E /* Sources */,
				64D7E0AA269C50F3003D151E /* Frameworks */,
				64D7E0AB269C50F3003D151E /* Resources */,
			);
			buildRules = (
			);
			dependencies = (
			);
			name = ImageScreensApp;
			productName = ImageScreensApp;
			productReference = 64D7E0AD269C50F3003D151E /* ImageScreensApp.app */;
			productType = "com.apple.product-type.application";
		};
/* End PBXNativeTarget section */

/* Begin PBXProject section */
		64D7E0A5269C50F3003D151E /* Project object */ = {
			isa = PBXProject;
			attributes = {
				LastSwiftUpdateCheck = 1250;
				LastUpgradeCheck = 1250;
				TargetAttributes = {
					64D7E0AC269C50F3003D151E = {
						CreatedOnToolsVersion = 12.5.1;
					};
				};
			};
			buildConfigurationList = 64D7E0A8269C50F3003D151E /* Build configuration list for PBXProject "ImageScreensApp" */;
			compatibilityVersion = "Xcode 9.3";
			developmentRegion = en;
			hasScannedForEncodings = 0;
			knownRegions = (
				en,
				Base,
			);
			mainGroup = 64D7E0A4269C50F3003D151E;
			productRefGroup = 64D7E0AE269C50F3003D151E /* Products */;
			projectDirPath = "";
			projectRoot = "";
			targets = (
				64D7E0AC269C50F3003D151E /* ImageScreensApp */,
			);
		};
/* End PBXProject section */

/* Begin PBXResourcesBuildPhase section */
		64D7E0AB269C50F3003D151E /* Resources */ = {
			isa = PBXResourcesBuildPhase;
			buildActionMask = 2147483647;
			files = (
				64D7E0BD269C50F7003D151E /* LaunchScreen.storyboard in Resources */,
				648104F426A81BA600C1AC2E /* MultipleCube.storyboard in Resources */,
				64D7E0BA269C50F7003D151E /* Assets.xcassets in Resources */,
				6481050B26A9764300C1AC2E /* PopUp.storyboard in Resources */,
				648104FB26A81CA600C1AC2E /* ImageCollectionViewCell.xib in Resources */,
				64D7E0B8269C50F3003D151E /* Main.storyboard in Resources */,
			);
			runOnlyForDeploymentPostprocessing = 0;
		};
/* End PBXResourcesBuildPhase section */

/* Begin PBXSourcesBuildPhase section */
		64D7E0A9269C50F3003D151E /* Sources */ = {
			isa = PBXSourcesBuildPhase;
			buildActionMask = 2147483647;
			files = (
				6481050126A822D600C1AC2E /* Extension+UIImageView.swift in Sources */,
				6481051026A9889800C1AC2E /* PopUpViewModel.swift in Sources */,
				6409C0B826B3FBEA002AEEBA /* ImageCellViewModel.swift in Sources */,
				64D7E0B1269C50F3003D151E /* AppDelegate.swift in Sources */,
				6481050E26A9882100C1AC2E /* MultipleCubeViewModel.swift in Sources */,
				648104FA26A81CA600C1AC2E /* ImageCollectionViewCell.swift in Sources */,
				648104F626A81BB500C1AC2E /* MultipleCubeViewController.swift in Sources */,
				64D7E0B3269C50F3003D151E /* SceneDelegate.swift in Sources */,
				647591B626AECD8000890463 /* Extension+Array.swift in Sources */,
				648104FE26A8228300C1AC2E /* CubeTransition.swift in Sources */,
				6481050326A8233100C1AC2E /* Transition.swift in Sources */,
				6481050926A9761200C1AC2E /* PopUpViewController.swift in Sources */,
				647591BA26AFEAC700890463 /* ListImageRepository.swift in Sources */,
			);
			runOnlyForDeploymentPostprocessing = 0;
		};
/* End PBXSourcesBuildPhase section */

/* Begin PBXVariantGroup section */
		64D7E0B6269C50F3003D151E /* Main.storyboard */ = {
			isa = PBXVariantGroup;
			children = (
				64D7E0B7269C50F3003D151E /* Base */,
			);
			name = Main.storyboard;
			sourceTree = "<group>";
		};
		64D7E0BB269C50F7003D151E /* LaunchScreen.storyboard */ = {
			isa = PBXVariantGroup;
			children = (
				64D7E0BC269C50F7003D151E /* Base */,
			);
			name = LaunchScreen.storyboard;
			sourceTree = "<group>";
		};
/* End PBXVariantGroup section */

/* Begin XCBuildConfiguration section */
		64D7E0BF269C50F7003D151E /* Debug */ = {
			isa = XCBuildConfiguration;
			buildSettings = {
				ALWAYS_SEARCH_USER_PATHS = NO;
				CLANG_ANALYZER_NONNULL = YES;
				CLANG_ANALYZER_NUMBER_OBJECT_CONVERSION = YES_AGGRESSIVE;
				CLANG_CXX_LANGUAGE_STANDARD = "gnu++14";
				CLANG_CXX_LIBRARY = "libc++";
				CLANG_ENABLE_MODULES = YES;
				CLANG_ENABLE_OBJC_ARC = YES;
				CLANG_ENABLE_OBJC_WEAK = YES;
				CLANG_WARN_BLOCK_CAPTURE_AUTORELEASING = YES;
				CLANG_WARN_BOOL_CONVERSION = YES;
				CLANG_WARN_COMMA = YES;
				CLANG_WARN_CONSTANT_CONVERSION = YES;
				CLANG_WARN_DEPRECATED_OBJC_IMPLEMENTATIONS = YES;
				CLANG_WARN_DIRECT_OBJC_ISA_USAGE = YES_ERROR;
				CLANG_WARN_DOCUMENTATION_COMMENTS = YES;
				CLANG_WARN_EMPTY_BODY = YES;
				CLANG_WARN_ENUM_CONVERSION = YES;
				CLANG_WARN_INFINITE_RECURSION = YES;
				CLANG_WARN_INT_CONVERSION = YES;
				CLANG_WARN_NON_LITERAL_NULL_CONVERSION = YES;
				CLANG_WARN_OBJC_IMPLICIT_RETAIN_SELF = YES;
				CLANG_WARN_OBJC_LITERAL_CONVERSION = YES;
				CLANG_WARN_OBJC_ROOT_CLASS = YES_ERROR;
				CLANG_WARN_QUOTED_INCLUDE_IN_FRAMEWORK_HEADER = YES;
				CLANG_WARN_RANGE_LOOP_ANALYSIS = YES;
				CLANG_WARN_STRICT_PROTOTYPES = YES;
				CLANG_WARN_SUSPICIOUS_MOVE = YES;
				CLANG_WARN_UNGUARDED_AVAILABILITY = YES_AGGRESSIVE;
				CLANG_WARN_UNREACHABLE_CODE = YES;
				CLANG_WARN__DUPLICATE_METHOD_MATCH = YES;
				COPY_PHASE_STRIP = NO;
				DEBUG_INFORMATION_FORMAT = dwarf;
				ENABLE_STRICT_OBJC_MSGSEND = YES;
				ENABLE_TESTABILITY = YES;
				GCC_C_LANGUAGE_STANDARD = gnu11;
				GCC_DYNAMIC_NO_PIC = NO;
				GCC_NO_COMMON_BLOCKS = YES;
				GCC_OPTIMIZATION_LEVEL = 0;
				GCC_PREPROCESSOR_DEFINITIONS = (
					"DEBUG=1",
					"$(inherited)",
				);
				GCC_WARN_64_TO_32_BIT_CONVERSION = YES;
				GCC_WARN_ABOUT_RETURN_TYPE = YES_ERROR;
				GCC_WARN_UNDECLARED_SELECTOR = YES;
				GCC_WARN_UNINITIALIZED_AUTOS = YES_AGGRESSIVE;
				GCC_WARN_UNUSED_FUNCTION = YES;
				GCC_WARN_UNUSED_VARIABLE = YES;
				IPHONEOS_DEPLOYMENT_TARGET = 14.5;
				MTL_ENABLE_DEBUG_INFO = INCLUDE_SOURCE;
				MTL_FAST_MATH = YES;
				ONLY_ACTIVE_ARCH = YES;
				SDKROOT = iphoneos;
				SWIFT_ACTIVE_COMPILATION_CONDITIONS = DEBUG;
				SWIFT_OPTIMIZATION_LEVEL = "-Onone";
			};
			name = Debug;
		};
		64D7E0C0269C50F7003D151E /* Release */ = {
			isa = XCBuildConfiguration;
			buildSettings = {
				ALWAYS_SEARCH_USER_PATHS = NO;
				CLANG_ANALYZER_NONNULL = YES;
				CLANG_ANALYZER_NUMBER_OBJECT_CONVERSION = YES_AGGRESSIVE;
				CLANG_CXX_LANGUAGE_STANDARD = "gnu++14";
				CLANG_CXX_LIBRARY = "libc++";
				CLANG_ENABLE_MODULES = YES;
				CLANG_ENABLE_OBJC_ARC = YES;
				CLANG_ENABLE_OBJC_WEAK = YES;
				CLANG_WARN_BLOCK_CAPTURE_AUTORELEASING = YES;
				CLANG_WARN_BOOL_CONVERSION = YES;
				CLANG_WARN_COMMA = YES;
				CLANG_WARN_CONSTANT_CONVERSION = YES;
				CLANG_WARN_DEPRECATED_OBJC_IMPLEMENTATIONS = YES;
				CLANG_WARN_DIRECT_OBJC_ISA_USAGE = YES_ERROR;
				CLANG_WARN_DOCUMENTATION_COMMENTS = YES;
				CLANG_WARN_EMPTY_BODY = YES;
				CLANG_WARN_ENUM_CONVERSION = YES;
				CLANG_WARN_INFINITE_RECURSION = YES;
				CLANG_WARN_INT_CONVERSION = YES;
				CLANG_WARN_NON_LITERAL_NULL_CONVERSION = YES;
				CLANG_WARN_OBJC_IMPLICIT_RETAIN_SELF = YES;
				CLANG_WARN_OBJC_LITERAL_CONVERSION = YES;
				CLANG_WARN_OBJC_ROOT_CLASS = YES_ERROR;
				CLANG_WARN_QUOTED_INCLUDE_IN_FRAMEWORK_HEADER = YES;
				CLANG_WARN_RANGE_LOOP_ANALYSIS = YES;
				CLANG_WARN_STRICT_PROTOTYPES = YES;
				CLANG_WARN_SUSPICIOUS_MOVE = YES;
				CLANG_WARN_UNGUARDED_AVAILABILITY = YES_AGGRESSIVE;
				CLANG_WARN_UNREACHABLE_CODE = YES;
				CLANG_WARN__DUPLICATE_METHOD_MATCH = YES;
				COPY_PHASE_STRIP = NO;
				DEBUG_INFORMATION_FORMAT = "dwarf-with-dsym";
				ENABLE_NS_ASSERTIONS = NO;
				ENABLE_STRICT_OBJC_MSGSEND = YES;
				GCC_C_LANGUAGE_STANDARD = gnu11;
				GCC_NO_COMMON_BLOCKS = YES;
				GCC_WARN_64_TO_32_BIT_CONVERSION = YES;
				GCC_WARN_ABOUT_RETURN_TYPE = YES_ERROR;
				GCC_WARN_UNDECLARED_SELECTOR = YES;
				GCC_WARN_UNINITIALIZED_AUTOS = YES_AGGRESSIVE;
				GCC_WARN_UNUSED_FUNCTION = YES;
				GCC_WARN_UNUSED_VARIABLE = YES;
				IPHONEOS_DEPLOYMENT_TARGET = 14.5;
				MTL_ENABLE_DEBUG_INFO = NO;
				MTL_FAST_MATH = YES;
				SDKROOT = iphoneos;
				SWIFT_COMPILATION_MODE = wholemodule;
				SWIFT_OPTIMIZATION_LEVEL = "-O";
				VALIDATE_PRODUCT = YES;
			};
			name = Release;
		};
		64D7E0C2269C50F7003D151E /* Debug */ = {
			isa = XCBuildConfiguration;
			buildSettings = {
				ASSETCATALOG_COMPILER_APPICON_NAME = AppIcon;
				ASSETCATALOG_COMPILER_GLOBAL_ACCENT_COLOR_NAME = AccentColor;
				CODE_SIGN_STYLE = Automatic;
				INFOPLIST_FILE = ImageScreensApp/Info.plist;
				LD_RUNPATH_SEARCH_PATHS = (
					"$(inherited)",
					"@executable_path/Frameworks",
				);
				PRODUCT_BUNDLE_IDENTIFIER = MarkovViacheslav.ImageScreensApp;
				PRODUCT_NAME = "$(TARGET_NAME)";
				SWIFT_VERSION = 5.0;
				TARGETED_DEVICE_FAMILY = "1,2";
			};
			name = Debug;
		};
		64D7E0C3269C50F7003D151E /* Release */ = {
			isa = XCBuildConfiguration;
			buildSettings = {
				ASSETCATALOG_COMPILER_APPICON_NAME = AppIcon;
				ASSETCATALOG_COMPILER_GLOBAL_ACCENT_COLOR_NAME = AccentColor;
				CODE_SIGN_STYLE = Automatic;
				INFOPLIST_FILE = ImageScreensApp/Info.plist;
				LD_RUNPATH_SEARCH_PATHS = (
					"$(inherited)",
					"@executable_path/Frameworks",
				);
				PRODUCT_BUNDLE_IDENTIFIER = MarkovViacheslav.ImageScreensApp;
				PRODUCT_NAME = "$(TARGET_NAME)";
				SWIFT_VERSION = 5.0;
				TARGETED_DEVICE_FAMILY = "1,2";
			};
			name = Release;
		};
/* End XCBuildConfiguration section */

/* Begin XCConfigurationList section */
		64D7E0A8269C50F3003D151E /* Build configuration list for PBXProject "ImageScreensApp" */ = {
			isa = XCConfigurationList;
			buildConfigurations = (
				64D7E0BF269C50F7003D151E /* Debug */,
				64D7E0C0269C50F7003D151E /* Release */,
			);
			defaultConfigurationIsVisible = 0;
			defaultConfigurationName = Release;
		};
		64D7E0C1269C50F7003D151E /* Build configuration list for PBXNativeTarget "ImageScreensApp" */ = {
			isa = XCConfigurationList;
			buildConfigurations = (
				64D7E0C2269C50F7003D151E /* Debug */,
				64D7E0C3269C50F7003D151E /* Release */,
			);
			defaultConfigurationIsVisible = 0;
			defaultConfigurationName = Release;
		};
/* End XCConfigurationList section */
	};
	rootObject = 64D7E0A5269C50F3003D151E /* Project object */;
}
